
Microsoft Visual Studio Solution File, Format Version 12.00
# Visual Studio Version 16
VisualStudioVersion = 16.0.31112.23
MinimumVisualStudioVersion = 10.0.40219.1
Project("{8BC9CEB8-8B4A-11D0-8D11-00A0C91BC942}") = "leetcode1609 奇偶树", "leetcode1609 奇偶树.vcxproj", "{900E1279-619D-4461-9F43-5F5D0013CFDC}"
EndProject
Global
	GlobalSection(SolutionConfigurationPlatforms) = preSolution
		Debug|x64 = Debug|x64
		Debug|x86 = Debug|x86
		Release|x64 = Release|x64
		Release|x86 = Release|x86
	EndGlobalSection
	GlobalSection(ProjectConfigurationPlatforms) = postSolution
		{900E1279-619D-4461-9F43-5F5D0013CFDC}.Debug|x64.ActiveCfg = Debug|x64
		{900E1279-619D-4461-9F43-5F5D0013CFDC}.Debug|x64.Build.0 = Debug|x64
		{900E1279-619D-4461-9F43-5F5D0013CFDC}.Debug|x86.ActiveCfg = Debug|Win32
		{900E1279-619D-4461-9F43-5F5D0013CFDC}.Debug|x86.Build.0 = Debug|Win32
		{900E1279-619D-4461-9F43-5F5D0013CFDC}.Release|x64.ActiveCfg = Release|x64
		{900E1279-619D-4461-9F43-5F5D0013CFDC}.Release|x64.Build.0 = Release|x64
		{900E1279-619D-4461-9F43-5F5D0013CFDC}.Release|x86.ActiveCfg = Release|Win32
		{900E1279-619D-4461-9F43-5F5D0013CFDC}.Release|x86.Build.0 = Release|Win32
	EndGlobalSection
	GlobalSection(SolutionProperties) = preSolution
		HideSolutionNode = FALSE
	EndGlobalSection
	GlobalSection(ExtensibilityGlobals) = postSolution
		SolutionGuid = {4C42E895-7A85-49A1-9986-29DFB0FB3E85}
	EndGlobalSection
EndGlobal
