
Microsoft Visual Studio Solution File, Format Version 12.00
# Visual Studio Version 16
VisualStudioVersion = 16.0.31112.23
MinimumVisualStudioVersion = 10.0.40219.1
Project("{8BC9CEB8-8B4A-11D0-8D11-00A0C91BC942}") = "leetcode470,用Rand7()实现Rand10()", "leetcode470,用Rand7()实现Rand10().vcxproj", "{1B931B71-C464-4453-86F3-2383F1946061}"
EndProject
Global
	GlobalSection(SolutionConfigurationPlatforms) = preSolution
		Debug|x64 = Debug|x64
		Debug|x86 = Debug|x86
		Release|x64 = Release|x64
		Release|x86 = Release|x86
	EndGlobalSection
	GlobalSection(ProjectConfigurationPlatforms) = postSolution
		{1B931B71-C464-4453-86F3-2383F1946061}.Debug|x64.ActiveCfg = Debug|x64
		{1B931B71-C464-4453-86F3-2383F1946061}.Debug|x64.Build.0 = Debug|x64
		{1B931B71-C464-4453-86F3-2383F1946061}.Debug|x86.ActiveCfg = Debug|Win32
		{1B931B71-C464-4453-86F3-2383F1946061}.Debug|x86.Build.0 = Debug|Win32
		{1B931B71-C464-4453-86F3-2383F1946061}.Release|x64.ActiveCfg = Release|x64
		{1B931B71-C464-4453-86F3-2383F1946061}.Release|x64.Build.0 = Release|x64
		{1B931B71-C464-4453-86F3-2383F1946061}.Release|x86.ActiveCfg = Release|Win32
		{1B931B71-C464-4453-86F3-2383F1946061}.Release|x86.Build.0 = Release|Win32
	EndGlobalSection
	GlobalSection(SolutionProperties) = preSolution
		HideSolutionNode = FALSE
	EndGlobalSection
	GlobalSection(ExtensibilityGlobals) = postSolution
		SolutionGuid = {C284EA6C-0C8B-4F95-94D8-DE503342B57B}
	EndGlobalSection
EndGlobal
